# This file was autogenerated by Stack.
# You should not edit this file by hand.
# For more information, please see the documentation at:
#   https://docs.haskellstack.org/en/stable/lock_files

packages:
- completed:
    hackage: tasty-fail-fast-0.0.3@sha256:0a5a850d7fb5aecb9058d847fa1e634357c2b83bad4b31e41ed1ba6c2d2f1828,1803
    pantry-tree:
      size: 452
      sha256: 6f6cc1cb1fe6316c72db69e8215ef214adbaa7166cfbad69a9a2169f4fe98d3f
  original:
    hackage: tasty-fail-fast-0.0.3
snapshots:
- completed:
    size: 528861
    url: https://raw.githubusercontent.com/commercialhaskell/stackage-snapshots/master/nightly/2020/9/9.yaml
    sha256: c154dbd5a47b89fa5ccb8047bb564733879c90f44e8c78f98fad8d7833d6fc38
  original: nightly-2020-09-09
